{
  "lockfileVersion": 1,
  "workspaces": {
    "": {
      "name": "devmembench",
      "dependencies": {
        "@ai-sdk/anthropic": "^2.0.56",
        "@ai-sdk/openai": "^2.0.88",
        "ai": "^5.0.115",
      },
      "devDependencies": {
        "@types/bun": "^1.2.14",
        "@types/json-schema": "^7.0.15",
        "typescript": "^5.9.3",
      },
    },
  },
  "packages": {
    "@ai-sdk/anthropic": ["@ai-sdk/anthropic@2.0.66", "", { "dependencies": { "@ai-sdk/provider": "2.0.1", "@ai-sdk/provider-utils": "3.0.21" }, "peerDependencies": { "zod": "^3.25.76 || ^4.1.8" } }, "sha512-8xte/61emegt5Zr7lAXeGz50DiA2GJOV2VSTj8hc4jSbjEXQ/gl3LviOp2IRyb2sVcBpnHcRJTdeUJNyzFTawg=="],

    "@ai-sdk/gateway": ["@ai-sdk/gateway@2.0.43", "", { "dependencies": { "@ai-sdk/provider": "2.0.1", "@ai-sdk/provider-utils": "3.0.21", "@vercel/oidc": "3.1.0" }, "peerDependencies": { "zod": "^3.25.76 || ^4.1.8" } }, "sha512-wVrXKw0ldcU04Y8EY3vR+qPdogZCZEj8pnkpRNRF552jqYPPVY88atPiC9s6XOyE+k6Y1YnusYXqwp6KKaBGAA=="],

    "@ai-sdk/openai": ["@ai-sdk/openai@2.0.91", "", { "dependencies": { "@ai-sdk/provider": "2.0.1", "@ai-sdk/provider-utils": "3.0.21" }, "peerDependencies": { "zod": "^3.25.76 || ^4.1.8" } }, "sha512-lozfRHfSTHg5/UliQjTDcOtISYGbEpt4FS/6QM5PcLmhdT0HmROllaBmG7+JaK+uqFtDXZGgMIpz3bqB9nzqCQ=="],

    "@ai-sdk/provider": ["@ai-sdk/provider@2.0.1", "", { "dependencies": { "json-schema": "^0.4.0" } }, "sha512-KCUwswvsC5VsW2PWFqF8eJgSCu5Ysj7m1TxiHTVA6g7k360bk0RNQENT8KTMAYEs+8fWPD3Uu4dEmzGHc+jGng=="],

    "@ai-sdk/provider-utils": ["@ai-sdk/provider-utils@3.0.21", "", { "dependencies": { "@ai-sdk/provider": "2.0.1", "@standard-schema/spec": "^1.0.0", "eventsource-parser": "^3.0.6" }, "peerDependencies": { "zod": "^3.25.76 || ^4.1.8" } }, "sha512-veuMwTLxsgh31Jjn0SnBABnM1f7ebHhRWcV2ZuY3hP3iJDCZ8VXBaYqcHXoOQDqUXTCas08sKQcHyWK+zl882Q=="],

    "@opentelemetry/api": ["@opentelemetry/api@1.9.0", "", {}, "sha512-3giAOQvZiH5F9bMlMiv8+GSPMeqg0dbaeo58/0SlA9sxSqZhnUtxzX9/2FzyhS9sWQf5S0GJE0AKBrFqjpeYcg=="],

    "@standard-schema/spec": ["@standard-schema/spec@1.1.0", "", {}, "sha512-l2aFy5jALhniG5HgqrD6jXLi/rUWrKvqN/qJx6yoJsgKhblVd+iqqU4RCXavm/jPityDo5TCvKMnpjKnOriy0w=="],

    "@types/bun": ["@types/bun@1.3.9", "", { "dependencies": { "bun-types": "1.3.9" } }, "sha512-KQ571yULOdWJiMH+RIWIOZ7B2RXQGpL1YQrBtLIV3FqDcCu6FsbFUBwhdKUlCKUpS3PJDsHlJ1QKlpxoVR+xtw=="],

    "@types/json-schema": ["@types/json-schema@7.0.15", "", {}, "sha512-5+fP8P8MFNC+AyZCDxrB2pkZFPGzqQWUzpSeuuVLvm8VMcorNYavBqoFcxK8bQz4Qsbn4oUEEem4wDLfcysGHA=="],

    "@types/node": ["@types/node@25.3.0", "", { "dependencies": { "undici-types": "~7.18.0" } }, "sha512-4K3bqJpXpqfg2XKGK9bpDTc6xO/xoUP/RBWS7AtRMug6zZFaRekiLzjVtAoZMquxoAbzBvy5nxQ7veS5eYzf8A=="],

    "@vercel/oidc": ["@vercel/oidc@3.1.0", "", {}, "sha512-Fw28YZpRnA3cAHHDlkt7xQHiJ0fcL+NRcIqsocZQUSmbzeIKRpwttJjik5ZGanXP+vlA4SbTg+AbA3bP363l+w=="],

    "ai": ["ai@5.0.137", "", { "dependencies": { "@ai-sdk/gateway": "2.0.43", "@ai-sdk/provider": "2.0.1", "@ai-sdk/provider-utils": "3.0.21", "@opentelemetry/api": "1.9.0" }, "peerDependencies": { "zod": "^3.25.76 || ^4.1.8" } }, "sha512-ZPqvIG5HlTEaTsf91p5CvOMWYoTxsGpHckgc8qk7FNVM9O375A1A5cvLq6CpkCdTWrdyNZMMs3brnfUIlJP20g=="],

    "bun-types": ["bun-types@1.3.9", "", { "dependencies": { "@types/node": "*" } }, "sha512-+UBWWOakIP4Tswh0Bt0QD0alpTY8cb5hvgiYeWCMet9YukHbzuruIEeXC2D7nMJPB12kbh8C7XJykSexEqGKJg=="],

    "eventsource-parser": ["eventsource-parser@3.0.6", "", {}, "sha512-Vo1ab+QXPzZ4tCa8SwIHJFaSzy4R6SHf7BY79rFBDf0idraZWAkYrDjDj8uWaSm3S2TK+hJ7/t1CEmZ7jXw+pg=="],

    "json-schema": ["json-schema@0.4.0", "", {}, "sha512-es94M3nTIfsEPisRafak+HDLfHXnKBhV3vU5eqPcS3flIWqcxJWgXHXiey3YrpaNsanY5ei1VoYEbOzijuq9BA=="],

    "typescript": ["typescript@5.9.3", "", { "bin": { "tsc": "bin/tsc", "tsserver": "bin/tsserver" } }, "sha512-jl1vZzPDinLr9eUt3J/t7V6FgNEw9QjvBPdysz9KfQDD41fQrC2Y4vKQdiaUpFT4bXlb1RHhLpp8wtm6M5TgSw=="],

    "undici-types": ["undici-types@7.18.2", "", {}, "sha512-AsuCzffGHJybSaRrmr5eHr81mwJU3kjw6M+uprWvCXiNeN9SOGwQ3Jn8jb8m3Z6izVgknn1R0FTCEAP2QrLY/w=="],

    "zod": ["zod@4.3.6", "", {}, "sha512-rftlrkhHZOcjDwkGlnUtZZkvaPHCsDATp4pGpuOOMDaTdDDXF91wuVDJoWoPsKX/3YPQ5fHuF3STjcYyKr+Qhg=="],
  }
}
