{
	"name": "codexfi",
	"version": "0.5.4",
	"lockfileVersion": 3,
	"requires": true,
	"packages": {
		"": {
			"name": "codexfi",
			"version": "0.5.4",
			"license": "MIT",
			"dependencies": {
				"@opencode-ai/plugin": "^1.2.11",
				"@opencode-ai/sdk": "^1.2.11",
				"zod": "^4.3.6"
			},
			"bin": {
				"codexfi": "dist/cli.js"
			},
			"devDependencies": {
				"@types/bun": "^1.2.0",
				"typescript": "^6.0.2"
			}
		},
		"node_modules/@opencode-ai/plugin": {
			"version": "1.3.0",
			"resolved": "https://registry.npmjs.org/@opencode-ai/plugin/-/plugin-1.3.0.tgz",
			"integrity": "sha512-mR1Kdcpr3Iv+KS7cL2DRFB6QAcSoR6/DojmwuxYF/pMCahMtaCLiqZGQjoSNl12+gQ6RsIJJyUh/jX3JVlOx8A==",
			"license": "MIT",
			"dependencies": {
				"@opencode-ai/sdk": "1.3.0",
				"zod": "4.1.8"
			}
		},
		"node_modules/@opencode-ai/plugin/node_modules/zod": {
			"version": "4.1.8",
			"resolved": "https://registry.npmjs.org/zod/-/zod-4.1.8.tgz",
			"integrity": "sha512-5R1P+WwQqmmMIEACyzSvo4JXHY5WiAFHRMg+zBZKgKS+Q1viRa0C1hmUKtHltoIFKtIdki3pRxkmpP74jnNYHQ==",
			"license": "MIT",
			"funding": {
				"url": "https://github.com/sponsors/colinhacks"
			}
		},
		"node_modules/@opencode-ai/sdk": {
			"version": "1.3.0",
			"resolved": "https://registry.npmjs.org/@opencode-ai/sdk/-/sdk-1.3.0.tgz",
			"integrity": "sha512-5WyYEpcV6Zk9otXOMIrvZRbJm1yxt/c8EXSBn1p6Sw1yagz8HRljkoUTJFxzD0x2+/6vAZItr3OrXDZfE+oA2g==",
			"license": "MIT"
		},
		"node_modules/@types/bun": {
			"version": "1.3.11",
			"resolved": "https://registry.npmjs.org/@types/bun/-/bun-1.3.11.tgz",
			"integrity": "sha512-5vPne5QvtpjGpsGYXiFyycfpDF2ECyPcTSsFBMa0fraoxiQyMJ3SmuQIGhzPg2WJuWxVBoxWJ2kClYTcw/4fAg==",
			"dev": true,
			"license": "MIT",
			"dependencies": {
				"bun-types": "1.3.11"
			}
		},
		"node_modules/@types/node": {
			"version": "20.19.35",
			"resolved": "https://registry.npmjs.org/@types/node/-/node-20.19.35.tgz",
			"integrity": "sha512-Uarfe6J91b9HAUXxjvSOdiO2UPOKLm07Q1oh0JHxoZ1y8HoqxDAu3gVrsrOHeiio0kSsoVBt4wFrKOm0dKxVPQ==",
			"dev": true,
			"license": "MIT",
			"dependencies": {
				"undici-types": "~6.21.0"
			}
		},
		"node_modules/bun-types": {
			"version": "1.3.11",
			"resolved": "https://registry.npmjs.org/bun-types/-/bun-types-1.3.11.tgz",
			"integrity": "sha512-1KGPpoxQWl9f6wcZh57LvrPIInQMn2TQ7jsgxqpRzg+l0QPOFvJVH7HmvHo/AiPgwXy+/Thf6Ov3EdVn1vOabg==",
			"dev": true,
			"license": "MIT",
			"dependencies": {
				"@types/node": "*"
			}
		},
		"node_modules/typescript": {
			"version": "6.0.2",
			"resolved": "https://registry.npmjs.org/typescript/-/typescript-6.0.2.tgz",
			"integrity": "sha512-bGdAIrZ0wiGDo5l8c++HWtbaNCWTS4UTv7RaTH/ThVIgjkveJt83m74bBHMJkuCbslY8ixgLBVZJIOiQlQTjfQ==",
			"dev": true,
			"license": "Apache-2.0",
			"bin": {
				"tsc": "bin/tsc",
				"tsserver": "bin/tsserver"
			},
			"engines": {
				"node": ">=14.17"
			}
		},
		"node_modules/undici-types": {
			"version": "6.21.0",
			"resolved": "https://registry.npmjs.org/undici-types/-/undici-types-6.21.0.tgz",
			"integrity": "sha512-iwDZqg0QAGrg9Rav5H4n0M64c3mkR59cJ6wQp+7C4nI0gsmExaedaYLNO44eT4AtBBwjbTiGPMlt2Md0T9H9JQ==",
			"dev": true,
			"license": "MIT"
		},
		"node_modules/zod": {
			"version": "4.3.6",
			"resolved": "https://registry.npmjs.org/zod/-/zod-4.3.6.tgz",
			"integrity": "sha512-rftlrkhHZOcjDwkGlnUtZZkvaPHCsDATp4pGpuOOMDaTdDDXF91wuVDJoWoPsKX/3YPQ5fHuF3STjcYyKr+Qhg==",
			"license": "MIT",
			"funding": {
				"url": "https://github.com/sponsors/colinhacks"
			}
		}
	}
}
